# THIS IS AN AUTOGENERATED FILE. DO NOT EDIT THIS FILE DIRECTLY.
# yarn lockfile v1


"@types/angular@^1.6.16":
  version "1.6.18"
  resolved "https://registry.yarnpkg.com/@types/angular/-/angular-1.6.18.tgz#1df57e3c8b1f1fe629f58f4f1f2269bf57be91a8"
  dependencies:
    "@types/jquery" "*"

"@types/jquery@*", "@types/jquery@^2.0.45":
  version "2.0.46"
  resolved "https://registry.yarnpkg.com/@types/jquery/-/jquery-2.0.46.tgz#c245426299b43c4bb75f44b813090bd5918d00f2"

"@types/lodash@^4.14.63":
  version "4.14.65"
  resolved "https://registry.yarnpkg.com/@types/lodash/-/lodash-4.14.65.tgz#a0f78d71ffcd3c02628d5f616410c98c424326d5"

"@types/node@^7.0.22":
  version "7.0.29"
  resolved "https://registry.yarnpkg.com/@types/node/-/node-7.0.29.tgz#ccfcec5b7135c7caf6c4ffb8c7f33102340d99df"

"@types/urijs@^1.15.32":
  version "1.15.32"
  resolved "https://registry.yarnpkg.com/@types/urijs/-/urijs-1.15.32.tgz#a6e261745eb580b3f7f4079dab520bd680b50755"
  dependencies:
    "@types/jquery" "*"

alertifyjs@^1.10.0:
  version "1.10.0"
  resolved "https://registry.yarnpkg.com/alertifyjs/-/alertifyjs-1.10.0.tgz#a49f18cb06e52650e06ef8cfb7514da78c8d0cef"

angular-animate@^1.6.4:
  version "1.6.4"
  resolved "https://registry.yarnpkg.com/angular-animate/-/angular-animate-1.6.4.tgz#d3eb906d39834f2dfbdd982e6b8d7a3b4d9001d2"

angular-messages@^1.6.4:
  version "1.6.4"
  resolved "https://registry.yarnpkg.com/angular-messages/-/angular-messages-1.6.4.tgz#9ec9c1393293b14de54161d2f849776489e980fe"

angular-sanitize@^1.6.4:
  version "1.6.4"
  resolved "https://registry.yarnpkg.com/angular-sanitize/-/angular-sanitize-1.6.4.tgz#60a37ea96fb0d4a322a3ccb64ee4a5cf3b154f0c"

angular-ui-bootstrap@^2.5.0:
  version "2.5.0"
  resolved "https://registry.yarnpkg.com/angular-ui-bootstrap/-/angular-ui-bootstrap-2.5.0.tgz#2facefb915386655dc5f44150258032517236d01"

angular@^1.6.4:
  version "1.6.4"
  resolved "https://registry.yarnpkg.com/angular/-/angular-1.6.4.tgz#03b7b15c01a0802d7e2cf593240e604054dc77fb"

bootstrap-sass@^3.3.7:
  version "3.3.7"
  resolved "https://registry.yarnpkg.com/bootstrap-sass/-/bootstrap-sass-3.3.7.tgz#6596c7ab40f6637393323ab0bc80d064fc630498"

jquery-validation-unobtrusive@^3.2.6:
  version "3.2.6"
  resolved "https://registry.yarnpkg.com/jquery-validation-unobtrusive/-/jquery-validation-unobtrusive-3.2.6.tgz#0f8767c5462e30b4a5743d12461e8057da7572e5"
  dependencies:
    jquery ">=1.8"
    jquery-validation ">=1.8"

jquery-validation@>=1.8, jquery-validation@^1.16.0:
  version "1.16.0"
  resolved "https://registry.yarnpkg.com/jquery-validation/-/jquery-validation-1.16.0.tgz#b6e5277ebbd67c1fabab213eb4454eea8a3095ca"
  dependencies:
    jquery "^1.7 || ^2.0 || ^3.1"

jquery@>=1.8, "jquery@^1.7 || ^2.0 || ^3.1", jquery@^3.2.1:
  version "3.2.1"
  resolved "https://registry.yarnpkg.com/jquery/-/jquery-3.2.1.tgz#5c4d9de652af6cd0a770154a631bba12b015c787"

lodash@^4.17.4:
  version "4.17.4"
  resolved "https://registry.yarnpkg.com/lodash/-/lodash-4.17.4.tgz#78203a4d1c328ae1d86dca6460e369b57f4055ae"

moment@^2.18.1:
  version "2.18.1"
  resolved "https://registry.yarnpkg.com/moment/-/moment-2.18.1.tgz#c36193dd3ce1c2eed2adb7c802dbbc77a81b1c0f"

mustache@^2.3.0:
  version "2.3.0"
  resolved "https://registry.yarnpkg.com/mustache/-/mustache-2.3.0.tgz#4028f7778b17708a489930a6e52ac3bca0da41d0"

ng-file-upload@^12.2.13:
  version "12.2.13"
  resolved "https://registry.yarnpkg.com/ng-file-upload/-/ng-file-upload-12.2.13.tgz#01800f3872e526f95310f8477e99e4f12d0d8d14"

ui-select@^0.19.8:
  version "0.19.8"
  resolved "https://registry.yarnpkg.com/ui-select/-/ui-select-0.19.8.tgz#74860848a7fd8bc494d9856d2f62776ea98637c1"

urijs@^1.18.10:
  version "1.18.10"
  resolved "https://registry.yarnpkg.com/urijs/-/urijs-1.18.10.tgz#b94463eaba59a1a796036a467bb633c667f221ab"
